{
  "name": "console-inline-node-demo",
  "lockfileVersion": 3,
  "requires": true,
  "packages": {
    "": {
      "name": "console-inline-node-demo",
      "dependencies": {
        "@console-inline/service": "file:../../packages/service"
      }
    },
    "../../packages/service": {
      "name": "@console-inline/service",
      "version": "1.3.0",
      "license": "MIT",
      "dependencies": {
        "ws": "^8.18.3"
      },
      "devDependencies": {
        "@types/node": "^24.9.1",
        "@types/ws": "^8.18.1",
        "typescript": "^5.0.0"
      }
    },
    "node_modules/@console-inline/service": {
      "resolved": "../../packages/service",
      "link": true
    }
  }
}
